# This file is autogenerated, do not edit; changes may be undone by the next 'dep ensure'.


[[projects]]
  branch = "master"
  digest = "1:7adb8e7680da6bac610ef441d04c527123332a66c5f6e77e04bcb0ecc4c9a14a"
  name = "github.com/antzucaro/matchr"
  packages = ["."]
  pruneopts = ""
  revision = "cbc221335f3c9d9eff15d1d9d5983ddf70b906b6"

[[projects]]
  digest = "1:b5f28f7eda54d2695765c778c951a2ace52c06afb7da1f7e0c7485baa5b02100"
  name = "github.com/beevik/etree"
  packages = ["."]
  pruneopts = ""
  revision = "9d7e8feddccb4ed1b8afb54e368bd323d2ff652c"
  version = "v1.0.1"

[[projects]]
  branch = "master"
  digest = "1:ff0a3cc34addcbd669622ba0dc8231d4eff046eec7b3eae1ccafd06a901279d3"
  name = "github.com/globalsign/mgo"
  packages = [
    ".",
    "bson",
    "internal/json",
    "internal/sasl",
    "internal/scram",
  ]
  pruneopts = ""
  revision = "1ca0a4f7cbcbe61c005d1bd43fdd8bb8b71df6bc"

[[projects]]
  digest = "1:717859f53ed0a55fab7284704ecaac4b0d292f4caca5ceaa2afd512be49189ea"
  name = "github.com/kennygrant/sanitize"
  packages = ["."]
  pruneopts = ""
  revision = "06ec0d0dbcd497d01e5189b16f5263f712e61a8e"
  version = "v1.2.4"

[[projects]]
  branch = "master"
  digest = "1:c186d98ef4526297afabdf84bb02076ea2c78e3b52e88ebdac58325f4f923b8b"
  name = "github.com/mattn/go-zglob"
  packages = [
    ".",
    "fastwalk",
  ]
  pruneopts = ""
  revision = "2ea3427bfa539cca900ca2768d8663ecc8a708c1"

[[projects]]
  branch = "master"
  digest = "1:6846191f608c0dd6109f37ca46b784f9630191ff13f86ae974135c05a4c92971"
  name = "golang.org/x/net"
  packages = [
    "html",
    "html/atom",
  ]
  pruneopts = ""
  revision = "f04abc6bdfa7a0171a8a0c9fd2ada9391044d056"

[[projects]]
  branch = "master"
  digest = "1:bce40c2689432c3bcf98defee271f3f62f32483c6358d7d19e4c27498b226b76"
  name = "golang.org/x/tools"
  packages = [
    "godoc/vfs",
    "godoc/vfs/zipfs",
  ]
  pruneopts = ""
  revision = "9eb9690e392a79b547be16fa2fa66f1710ed3035"

[solve-meta]
  analyzer-name = "dep"
  analyzer-version = 1
  input-imports = [
    "github.com/antzucaro/matchr",
    "github.com/beevik/etree",
    "github.com/globalsign/mgo",
    "github.com/globalsign/mgo/bson",
    "github.com/kennygrant/sanitize",
    "github.com/mattn/go-zglob",
    "golang.org/x/tools/godoc/vfs/zipfs",
  ]
  solver-name = "gps-cdcl"
  solver-version = 1
